
Microsoft Visual Studio Solution File, Format Version 12.00
# Visual Studio Version 17
VisualStudioVersion = 17.14.36518.9 d17.14
MinimumVisualStudioVersion = 10.0.40219.1
Project("{FAE04EC0-301F-11D3-BF4B-00C04F79EFBC}") = "PlataformaIntegral.API", "PlataformaIntegral.API\PlataformaIntegral.API.csproj", "{09AF9C06-6890-4F49-85E7-E3035CA30374}"
EndProject
Global
	GlobalSection(SolutionConfigurationPlatforms) = preSolution
		Debug|Any CPU = Debug|Any CPU
		Release|Any CPU = Release|Any CPU
	EndGlobalSection
	GlobalSection(ProjectConfigurationPlatforms) = postSolution
		{09AF9C06-6890-4F49-85E7-E3035CA30374}.Debug|Any CPU.ActiveCfg = Debug|Any CPU
		{09AF9C06-6890-4F49-85E7-E3035CA30374}.Debug|Any CPU.Build.0 = Debug|Any CPU
		{09AF9C06-6890-4F49-85E7-E3035CA30374}.Release|Any CPU.ActiveCfg = Release|Any CPU
		{09AF9C06-6890-4F49-85E7-E3035CA30374}.Release|Any CPU.Build.0 = Release|Any CPU
	EndGlobalSection
	GlobalSection(SolutionProperties) = preSolution
		HideSolutionNode = FALSE
	EndGlobalSection
	GlobalSection(ExtensibilityGlobals) = postSolution
		SolutionGuid = {CAAED43B-9031-46F3-AA5D-3D8005266EC8}
	EndGlobalSection
EndGlobal
